// !$*UTF8*$!
{
	archiveVersion = 1;
	classes = {
	};
	objectVersion = 51;
	objects = {

/* Begin PBXBuildFile section */
		366B1D3725822E2600F06AB5 /* Assets.xcassets in Resources */ = {isa = PBXBuildFile; fileRef = 366B1D3625822E2600F06AB5 /* Assets.xcassets */; };
		366B1D3A25822E2600F06AB5 /* LaunchScreen.storyboard in Resources */ = {isa = PBXBuildFile; fileRef = 366B1D3825822E2600F06AB5 /* LaunchScreen.storyboard */; };
		366B1D3D25822E2600F06AB5 /* main.m in Sources */ = {isa = PBXBuildFile; fileRef = 366B1D3C25822E2600F06AB5 /* main.m */; };
		366B1D4725822E2600F06AB5 /* TFY_BasicAnimationKitTests.m in Sources */ = {isa = PBXBuildFile; fileRef = 366B1D4625822E2600F06AB5 /* TFY_BasicAnimationKitTests.m */; };
		366B1D5225822E2600F06AB5 /* TFY_BasicAnimationKitUITests.m in Sources */ = {isa = PBXBuildFile; fileRef = 366B1D5125822E2600F06AB5 /* TFY_BasicAnimationKitUITests.m */; };
		366B1D6D25822E9500F06AB5 /* SceneDelegate.m in Sources */ = {isa = PBXBuildFile; fileRef = 366B1D6825822E9400F06AB5 /* SceneDelegate.m */; };
		366B1D6E25822E9500F06AB5 /* AppDelegate.m in Sources */ = {isa = PBXBuildFile; fileRef = 366B1D6925822E9400F06AB5 /* AppDelegate.m */; };
		366B1DA42582F84100F06AB5 /* UIView+TFY_DancerProperty.m in Sources */ = {isa = PBXBuildFile; fileRef = 366B1DA32582F84100F06AB5 /* UIView+TFY_DancerProperty.m */; };
		366B1DAA2583099600F06AB5 /* UIView+TFY_Dancer.m in Sources */ = {isa = PBXBuildFile; fileRef = 366B1DA92583099600F06AB5 /* UIView+TFY_Dancer.m */; };
		366B1DB925830A2400F06AB5 /* CALayer+TFY_Frame.m in Sources */ = {isa = PBXBuildFile; fileRef = 366B1DB825830A2400F06AB5 /* CALayer+TFY_Frame.m */; };
		366B1DBF25830B8000F06AB5 /* CALayer+TFY_Dancer.m in Sources */ = {isa = PBXBuildFile; fileRef = 366B1DBE25830B8000F06AB5 /* CALayer+TFY_Dancer.m */; };
		366B1DC525830C7D00F06AB5 /* CALayer+TFY_DancerProperty.m in Sources */ = {isa = PBXBuildFile; fileRef = 366B1DC425830C7D00F06AB5 /* CALayer+TFY_DancerProperty.m */; };
		366B1DCB258323E900F06AB5 /* UICollectionView+TFY_DancerProperty.m in Sources */ = {isa = PBXBuildFile; fileRef = 366B1DCA258323E900F06AB5 /* UICollectionView+TFY_DancerProperty.m */; };
		366B1DD12583255200F06AB5 /* UICollectionView+TFY_Dancer.m in Sources */ = {isa = PBXBuildFile; fileRef = 366B1DD02583255200F06AB5 /* UICollectionView+TFY_Dancer.m */; };
		366B1DD725833BA100F06AB5 /* UITableView+TFY_DancerProperty.m in Sources */ = {isa = PBXBuildFile; fileRef = 366B1DD625833BA100F06AB5 /* UITableView+TFY_DancerProperty.m */; };
		366B1DDD25833CE600F06AB5 /* UITableView+TFY_Dancer.m in Sources */ = {isa = PBXBuildFile; fileRef = 366B1DDC25833CE600F06AB5 /* UITableView+TFY_Dancer.m */; };
		366B1DE8258341B700F06AB5 /* ViewController.m in Sources */ = {isa = PBXBuildFile; fileRef = 366B1DE3258341B700F06AB5 /* ViewController.m */; };
		366B1DF1258341DA00F06AB5 /* TFY_MainModel.m in Sources */ = {isa = PBXBuildFile; fileRef = 366B1DF0258341DA00F06AB5 /* TFY_MainModel.m */; };
		366B1DFA2583428E00F06AB5 /* TFY_MainCollectionViewCell.m in Sources */ = {isa = PBXBuildFile; fileRef = 366B1DF92583428E00F06AB5 /* TFY_MainCollectionViewCell.m */; };
		366B1E002583477900F06AB5 /* TFY_DancerTransitionViewController.m in Sources */ = {isa = PBXBuildFile; fileRef = 366B1DFF2583477900F06AB5 /* TFY_DancerTransitionViewController.m */; };
		366B1E0625834E5300F06AB5 /* TFY_DancerCollectionViewController.m in Sources */ = {isa = PBXBuildFile; fileRef = 366B1E0525834E5300F06AB5 /* TFY_DancerCollectionViewController.m */; };
		366B1E0C25834EEA00F06AB5 /* TFY_DancerTableViewController.m in Sources */ = {isa = PBXBuildFile; fileRef = 366B1E0B25834EEA00F06AB5 /* TFY_DancerTableViewController.m */; };
		366B1E1225834F6C00F06AB5 /* TFY_DancerViewController.m in Sources */ = {isa = PBXBuildFile; fileRef = 366B1E1125834F6C00F06AB5 /* TFY_DancerViewController.m */; };
		366B1E1825834FA400F06AB5 /* TFY_DancerCollectionViewCell.m in Sources */ = {isa = PBXBuildFile; fileRef = 366B1E1725834FA400F06AB5 /* TFY_DancerCollectionViewCell.m */; };
		662A527A342D4C4475686B09 /* Pods_TFY_BasicAnimationKit_TFY_BasicAnimationKitUITests.framework in Frameworks */ = {isa = PBXBuildFile; fileRef = 65C29DFB448D032C825D824C /* Pods_TFY_BasicAnimationKit_TFY_BasicAnimationKitUITests.framework */; };
		B74C7D2D71735D484F6CC2FC /* Pods_TFY_BasicAnimationKit.framework in Frameworks */ = {isa = PBXBuildFile; fileRef = DDEE4248BF2D7D129BBE5218 /* Pods_TFY_BasicAnimationKit.framework */; };
		F53BB20A446124D75D37C911 /* Pods_TFY_BasicAnimationKitTests.framework in Frameworks */ = {isa = PBXBuildFile; fileRef = 3C42EA15E6A19EFA04C612A9 /* Pods_TFY_BasicAnimationKitTests.framework */; };
/* End PBXBuildFile section */

/* Begin PBXContainerItemProxy section */
		366B1D4325822E2600F06AB5 /* PBXContainerItemProxy */ = {
			isa = PBXContainerItemProxy;
			containerPortal = 366B1D1F25822E2200F06AB5 /* Project object */;
			proxyType = 1;
			remoteGlobalIDString = 366B1D2625822E2200F06AB5;
			remoteInfo = TFY_BasicAnimationKit;
		};
		366B1D4E25822E2600F06AB5 /* PBXContainerItemProxy */ = {
			isa = PBXContainerItemProxy;
			containerPortal = 366B1D1F25822E2200F06AB5 /* Project object */;
			proxyType = 1;
			remoteGlobalIDString = 366B1D2625822E2200F06AB5;
			remoteInfo = TFY_BasicAnimationKit;
		};
/* End PBXContainerItemProxy section */

/* Begin PBXFileReference section */
		1F20B60C245CAC13165C13E6 /* Pods-TFY_BasicAnimationKitTests.release.xcconfig */ = {isa = PBXFileReference; includeInIndex = 1; lastKnownFileType = text.xcconfig; name = "Pods-TFY_BasicAnimationKitTests.release.xcconfig"; path = "Target Support Files/Pods-TFY_BasicAnimationKitTests/Pods-TFY_BasicAnimationKitTests.release.xcconfig"; sourceTree = "<group>"; };
		366B1D2725822E2200F06AB5 /* TFY_BasicAnimationKit.app */ = {isa = PBXFileReference; explicitFileType = wrapper.application; includeInIndex = 0; path = TFY_BasicAnimationKit.app; sourceTree = BUILT_PRODUCTS_DIR; };
		366B1D3625822E2600F06AB5 /* Assets.xcassets */ = {isa = PBXFileReference; lastKnownFileType = folder.assetcatalog; path = Assets.xcassets; sourceTree = "<group>"; };
		366B1D3925822E2600F06AB5 /* Base */ = {isa = PBXFileReference; lastKnownFileType = file.storyboard; name = Base; path = Base.lproj/LaunchScreen.storyboard; sourceTree = "<group>"; };
		366B1D3B25822E2600F06AB5 /* Info.plist */ = {isa = PBXFileReference; lastKnownFileType = text.plist.xml; path = Info.plist; sourceTree = "<group>"; };
		366B1D3C25822E2600F06AB5 /* main.m */ = {isa = PBXFileReference; lastKnownFileType = sourcecode.c.objc; path = main.m; sourceTree = "<group>"; };
		366B1D4225822E2600F06AB5 /* TFY_BasicAnimationKitTests.xctest */ = {isa = PBXFileReference; explicitFileType = wrapper.cfbundle; includeInIndex = 0; path = TFY_BasicAnimationKitTests.xctest; sourceTree = BUILT_PRODUCTS_DIR; };
		366B1D4625822E2600F06AB5 /* TFY_BasicAnimationKitTests.m */ = {isa = PBXFileReference; lastKnownFileType = sourcecode.c.objc; path = TFY_BasicAnimationKitTests.m; sourceTree = "<group>"; };
		366B1D4825822E2600F06AB5 /* Info.plist */ = {isa = PBXFileReference; lastKnownFileType = text.plist.xml; path = Info.plist; sourceTree = "<group>"; };
		366B1D4D25822E2600F06AB5 /* TFY_BasicAnimationKitUITests.xctest */ = {isa = PBXFileReference; explicitFileType = wrapper.cfbundle; includeInIndex = 0; path = TFY_BasicAnimationKitUITests.xctest; sourceTree = BUILT_PRODUCTS_DIR; };
		366B1D5125822E2600F06AB5 /* TFY_BasicAnimationKitUITests.m */ = {isa = PBXFileReference; lastKnownFileType = sourcecode.c.objc; path = TFY_BasicAnimationKitUITests.m; sourceTree = "<group>"; };
		366B1D5325822E2600F06AB5 /* Info.plist */ = {isa = PBXFileReference; lastKnownFileType = text.plist.xml; path = Info.plist; sourceTree = "<group>"; };
		366B1D6725822E9400F06AB5 /* AppDelegate.h */ = {isa = PBXFileReference; fileEncoding = 4; lastKnownFileType = sourcecode.c.h; path = AppDelegate.h; sourceTree = "<group>"; };
		366B1D6825822E9400F06AB5 /* SceneDelegate.m */ = {isa = PBXFileReference; fileEncoding = 4; lastKnownFileType = sourcecode.c.objc; path = SceneDelegate.m; sourceTree = "<group>"; };
		366B1D6925822E9400F06AB5 /* AppDelegate.m */ = {isa = PBXFileReference; fileEncoding = 4; lastKnownFileType = sourcecode.c.objc; path = AppDelegate.m; sourceTree = "<group>"; };
		366B1D6A25822E9400F06AB5 /* SceneDelegate.h */ = {isa = PBXFileReference; fileEncoding = 4; lastKnownFileType = sourcecode.c.h; path = SceneDelegate.h; sourceTree = "<group>"; };
		366B1D7225822EB300F06AB5 /* TFY_PrefixHeader.pch */ = {isa = PBXFileReference; lastKnownFileType = sourcecode.c.h; path = TFY_PrefixHeader.pch; sourceTree = "<group>"; };
		366B1D9A2582F67400F06AB5 /* TFY_BasicAnimationKit.h */ = {isa = PBXFileReference; lastKnownFileType = sourcecode.c.h; path = TFY_BasicAnimationKit.h; sourceTree = "<group>"; };
		366B1D9E2582F76300F06AB5 /* TFY_DancerBlock.h */ = {isa = PBXFileReference; lastKnownFileType = sourcecode.c.h; path = TFY_DancerBlock.h; sourceTree = "<group>"; };
		366B1DA22582F84100F06AB5 /* UIView+TFY_DancerProperty.h */ = {isa = PBXFileReference; lastKnownFileType = sourcecode.c.h; path = "UIView+TFY_DancerProperty.h"; sourceTree = "<group>"; };
		366B1DA32582F84100F06AB5 /* UIView+TFY_DancerProperty.m */ = {isa = PBXFileReference; lastKnownFileType = sourcecode.c.objc; path = "UIView+TFY_DancerProperty.m"; sourceTree = "<group>"; };
		366B1DA82583099600F06AB5 /* UIView+TFY_Dancer.h */ = {isa = PBXFileReference; lastKnownFileType = sourcecode.c.h; path = "UIView+TFY_Dancer.h"; sourceTree = "<group>"; };
		366B1DA92583099600F06AB5 /* UIView+TFY_Dancer.m */ = {isa = PBXFileReference; lastKnownFileType = sourcecode.c.objc; path = "UIView+TFY_Dancer.m"; sourceTree = "<group>"; };
		366B1DB725830A2400F06AB5 /* CALayer+TFY_Frame.h */ = {isa = PBXFileReference; lastKnownFileType = sourcecode.c.h; path = "CALayer+TFY_Frame.h"; sourceTree = "<group>"; };
		366B1DB825830A2400F06AB5 /* CALayer+TFY_Frame.m */ = {isa = PBXFileReference; lastKnownFileType = sourcecode.c.objc; path = "CALayer+TFY_Frame.m"; sourceTree = "<group>"; };
		366B1DBD25830B8000F06AB5 /* CALayer+TFY_Dancer.h */ = {isa = PBXFileReference; lastKnownFileType = sourcecode.c.h; path = "CALayer+TFY_Dancer.h"; sourceTree = "<group>"; };
		366B1DBE25830B8000F06AB5 /* CALayer+TFY_Dancer.m */ = {isa = PBXFileReference; lastKnownFileType = sourcecode.c.objc; path = "CALayer+TFY_Dancer.m"; sourceTree = "<group>"; };
		366B1DC325830C7D00F06AB5 /* CALayer+TFY_DancerProperty.h */ = {isa = PBXFileReference; lastKnownFileType = sourcecode.c.h; path = "CALayer+TFY_DancerProperty.h"; sourceTree = "<group>"; };
		366B1DC425830C7D00F06AB5 /* CALayer+TFY_DancerProperty.m */ = {isa = PBXFileReference; lastKnownFileType = sourcecode.c.objc; path = "CALayer+TFY_DancerProperty.m"; sourceTree = "<group>"; };
		366B1DC9258323E900F06AB5 /* UICollectionView+TFY_DancerProperty.h */ = {isa = PBXFileReference; lastKnownFileType = sourcecode.c.h; path = "UICollectionView+TFY_DancerProperty.h"; sourceTree = "<group>"; };
		366B1DCA258323E900F06AB5 /* UICollectionView+TFY_DancerProperty.m */ = {isa = PBXFileReference; lastKnownFileType = sourcecode.c.objc; path = "UICollectionView+TFY_DancerProperty.m"; sourceTree = "<group>"; };
		366B1DCF2583255200F06AB5 /* UICollectionView+TFY_Dancer.h */ = {isa = PBXFileReference; lastKnownFileType = sourcecode.c.h; path = "UICollectionView+TFY_Dancer.h"; sourceTree = "<group>"; };
		366B1DD02583255200F06AB5 /* UICollectionView+TFY_Dancer.m */ = {isa = PBXFileReference; lastKnownFileType = sourcecode.c.objc; path = "UICollectionView+TFY_Dancer.m"; sourceTree = "<group>"; };
		366B1DD525833BA100F06AB5 /* UITableView+TFY_DancerProperty.h */ = {isa = PBXFileReference; lastKnownFileType = sourcecode.c.h; path = "UITableView+TFY_DancerProperty.h"; sourceTree = "<group>"; };
		366B1DD625833BA100F06AB5 /* UITableView+TFY_DancerProperty.m */ = {isa = PBXFileReference; lastKnownFileType = sourcecode.c.objc; path = "UITableView+TFY_DancerProperty.m"; sourceTree = "<group>"; };
		366B1DDB25833CE600F06AB5 /* UITableView+TFY_Dancer.h */ = {isa = PBXFileReference; lastKnownFileType = sourcecode.c.h; path = "UITableView+TFY_Dancer.h"; sourceTree = "<group>"; };
		366B1DDC25833CE600F06AB5 /* UITableView+TFY_Dancer.m */ = {isa = PBXFileReference; lastKnownFileType = sourcecode.c.objc; path = "UITableView+TFY_Dancer.m"; sourceTree = "<group>"; };
		366B1DE3258341B700F06AB5 /* ViewController.m */ = {isa = PBXFileReference; fileEncoding = 4; lastKnownFileType = sourcecode.c.objc; path = ViewController.m; sourceTree = "<group>"; };
		366B1DE4258341B700F06AB5 /* ViewController.h */ = {isa = PBXFileReference; fileEncoding = 4; lastKnownFileType = sourcecode.c.h; path = ViewController.h; sourceTree = "<group>"; };
		366B1DEF258341DA00F06AB5 /* TFY_MainModel.h */ = {isa = PBXFileReference; lastKnownFileType = sourcecode.c.h; path = TFY_MainModel.h; sourceTree = "<group>"; };
		366B1DF0258341DA00F06AB5 /* TFY_MainModel.m */ = {isa = PBXFileReference; lastKnownFileType = sourcecode.c.objc; path = TFY_MainModel.m; sourceTree = "<group>"; };
		366B1DF82583428E00F06AB5 /* TFY_MainCollectionViewCell.h */ = {isa = PBXFileReference; lastKnownFileType = sourcecode.c.h; path = TFY_MainCollectionViewCell.h; sourceTree = "<group>"; };
		366B1DF92583428E00F06AB5 /* TFY_MainCollectionViewCell.m */ = {isa = PBXFileReference; lastKnownFileType = sourcecode.c.objc; path = TFY_MainCollectionViewCell.m; sourceTree = "<group>"; };
		366B1DFE2583477900F06AB5 /* TFY_DancerTransitionViewController.h */ = {isa = PBXFileReference; lastKnownFileType = sourcecode.c.h; path = TFY_DancerTransitionViewController.h; sourceTree = "<group>"; };
		366B1DFF2583477900F06AB5 /* TFY_DancerTransitionViewController.m */ = {isa = PBXFileReference; lastKnownFileType = sourcecode.c.objc; path = TFY_DancerTransitionViewController.m; sourceTree = "<group>"; };
		366B1E0425834E5300F06AB5 /* TFY_DancerCollectionViewController.h */ = {isa = PBXFileReference; lastKnownFileType = sourcecode.c.h; path = TFY_DancerCollectionViewController.h; sourceTree = "<group>"; };
		366B1E0525834E5300F06AB5 /* TFY_DancerCollectionViewController.m */ = {isa = PBXFileReference; lastKnownFileType = sourcecode.c.objc; path = TFY_DancerCollectionViewController.m; sourceTree = "<group>"; };
		366B1E0A25834EEA00F06AB5 /* TFY_DancerTableViewController.h */ = {isa = PBXFileReference; lastKnownFileType = sourcecode.c.h; path = TFY_DancerTableViewController.h; sourceTree = "<group>"; };
		366B1E0B25834EEA00F06AB5 /* TFY_DancerTableViewController.m */ = {isa = PBXFileReference; lastKnownFileType = sourcecode.c.objc; path = TFY_DancerTableViewController.m; sourceTree = "<group>"; };
		366B1E1025834F6C00F06AB5 /* TFY_DancerViewController.h */ = {isa = PBXFileReference; lastKnownFileType = sourcecode.c.h; path = TFY_DancerViewController.h; sourceTree = "<group>"; };
		366B1E1125834F6C00F06AB5 /* TFY_DancerViewController.m */ = {isa = PBXFileReference; lastKnownFileType = sourcecode.c.objc; path = TFY_DancerViewController.m; sourceTree = "<group>"; };
		366B1E1625834FA400F06AB5 /* TFY_DancerCollectionViewCell.h */ = {isa = PBXFileReference; lastKnownFileType = sourcecode.c.h; path = TFY_DancerCollectionViewCell.h; sourceTree = "<group>"; };
		366B1E1725834FA400F06AB5 /* TFY_DancerCollectionViewCell.m */ = {isa = PBXFileReference; lastKnownFileType = sourcecode.c.objc; path = TFY_DancerCollectionViewCell.m; sourceTree = "<group>"; };
		3C42EA15E6A19EFA04C612A9 /* Pods_TFY_BasicAnimationKitTests.framework */ = {isa = PBXFileReference; explicitFileType = wrapper.framework; includeInIndex = 0; path = Pods_TFY_BasicAnimationKitTests.framework; sourceTree = BUILT_PRODUCTS_DIR; };
		57162AB17F42A357C6A88080 /* Pods-TFY_BasicAnimationKit-TFY_BasicAnimationKitUITests.debug.xcconfig */ = {isa = PBXFileReference; includeInIndex = 1; lastKnownFileType = text.xcconfig; name = "Pods-TFY_BasicAnimationKit-TFY_BasicAnimationKitUITests.debug.xcconfig"; path = "Target Support Files/Pods-TFY_BasicAnimationKit-TFY_BasicAnimationKitUITests/Pods-TFY_BasicAnimationKit-TFY_BasicAnimationKitUITests.debug.xcconfig"; sourceTree = "<group>"; };
		65C29DFB448D032C825D824C /* Pods_TFY_BasicAnimationKit_TFY_BasicAnimationKitUITests.framework */ = {isa = PBXFileReference; explicitFileType = wrapper.framework; includeInIndex = 0; path = Pods_TFY_BasicAnimationKit_TFY_BasicAnimationKitUITests.framework; sourceTree = BUILT_PRODUCTS_DIR; };
		931F8E5C9619E6A3B7A5F0FE /* Pods-TFY_BasicAnimationKit.release.xcconfig */ = {isa = PBXFileReference; includeInIndex = 1; lastKnownFileType = text.xcconfig; name = "Pods-TFY_BasicAnimationKit.release.xcconfig"; path = "Target Support Files/Pods-TFY_BasicAnimationKit/Pods-TFY_BasicAnimationKit.release.xcconfig"; sourceTree = "<group>"; };
		D9F030D0227A140EE59025F0 /* Pods-TFY_BasicAnimationKit-TFY_BasicAnimationKitUITests.release.xcconfig */ = {isa = PBXFileReference; includeInIndex = 1; lastKnownFileType = text.xcconfig; name = "Pods-TFY_BasicAnimationKit-TFY_BasicAnimationKitUITests.release.xcconfig"; path = "Target Support Files/Pods-TFY_BasicAnimationKit-TFY_BasicAnimationKitUITests/Pods-TFY_BasicAnimationKit-TFY_BasicAnimationKitUITests.release.xcconfig"; sourceTree = "<group>"; };
		DAE4154BD504B0F1D1300A26 /* Pods-TFY_BasicAnimationKit.debug.xcconfig */ = {isa = PBXFileReference; includeInIndex = 1; lastKnownFileType = text.xcconfig; name = "Pods-TFY_BasicAnimationKit.debug.xcconfig"; path = "Target Support Files/Pods-TFY_BasicAnimationKit/Pods-TFY_BasicAnimationKit.debug.xcconfig"; sourceTree = "<group>"; };
		DDEE4248BF2D7D129BBE5218 /* Pods_TFY_BasicAnimationKit.framework */ = {isa = PBXFileReference; explicitFileType = wrapper.framework; includeInIndex = 0; path = Pods_TFY_BasicAnimationKit.framework; sourceTree = BUILT_PRODUCTS_DIR; };
		EB5E4EAAEC4DE1A3CDA0CC44 /* Pods-TFY_BasicAnimationKitTests.debug.xcconfig */ = {isa = PBXFileReference; includeInIndex = 1; lastKnownFileType = text.xcconfig; name = "Pods-TFY_BasicAnimationKitTests.debug.xcconfig"; path = "Target Support Files/Pods-TFY_BasicAnimationKitTests/Pods-TFY_BasicAnimationKitTests.debug.xcconfig"; sourceTree = "<group>"; };
/* End PBXFileReference section */

/* Begin PBXFrameworksBuildPhase section */
		366B1D2425822E2200F06AB5 /* Frameworks */ = {
			isa = PBXFrameworksBuildPhase;
			buildActionMask = 2147483647;
			files = (
				B74C7D2D71735D484F6CC2FC /* Pods_TFY_BasicAnimationKit.framework in Frameworks */,
			);
			runOnlyForDeploymentPostprocessing = 0;
		};
		366B1D3F25822E2600F06AB5 /* Frameworks */ = {
			isa = PBXFrameworksBuildPhase;
			buildActionMask = 2147483647;
			files = (
				F53BB20A446124D75D37C911 /* Pods_TFY_BasicAnimationKitTests.framework in Frameworks */,
			);
			runOnlyForDeploymentPostprocessing = 0;
		};
		366B1D4A25822E2600F06AB5 /* Frameworks */ = {
			isa = PBXFrameworksBuildPhase;
			buildActionMask = 2147483647;
			files = (
				662A527A342D4C4475686B09 /* Pods_TFY_BasicAnimationKit_TFY_BasicAnimationKitUITests.framework in Frameworks */,
			);
			runOnlyForDeploymentPostprocessing = 0;
		};
/* End PBXFrameworksBuildPhase section */

/* Begin PBXGroup section */
		366B1D1E25822E2200F06AB5 = {
			isa = PBXGroup;
			children = (
				366B1D2925822E2200F06AB5 /* TFY_BasicAnimationKit */,
				366B1D4525822E2600F06AB5 /* TFY_BasicAnimationKitTests */,
				366B1D5025822E2600F06AB5 /* TFY_BasicAnimationKitUITests */,
				366B1D2825822E2200F06AB5 /* Products */,
				CC365A7F16CC2E3D30973DA6 /* Pods */,
				CB4509F4FC7F0C562894796B /* Frameworks */,
			);
			sourceTree = "<group>";
		};
		366B1D2825822E2200F06AB5 /* Products */ = {
			isa = PBXGroup;
			children = (
				366B1D2725822E2200F06AB5 /* TFY_BasicAnimationKit.app */,
				366B1D4225822E2600F06AB5 /* TFY_BasicAnimationKitTests.xctest */,
				366B1D4D25822E2600F06AB5 /* TFY_BasicAnimationKitUITests.xctest */,
			);
			name = Products;
			sourceTree = "<group>";
		};
		366B1D2925822E2200F06AB5 /* TFY_BasicAnimationKit */ = {
			isa = PBXGroup;
			children = (
				366B1D6225822E9400F06AB5 /* PCH */,
				366B1D6625822E9400F06AB5 /* TFY_AppDelegate */,
				366B1D6B25822E9400F06AB5 /* TFY_BasicAnimationKit */,
				366B1D6325822E9400F06AB5 /* TFY_Class */,
				366B1D3625822E2600F06AB5 /* Assets.xcassets */,
				366B1D3825822E2600F06AB5 /* LaunchScreen.storyboard */,
				366B1D3B25822E2600F06AB5 /* Info.plist */,
				366B1D3C25822E2600F06AB5 /* main.m */,
			);
			path = TFY_BasicAnimationKit;
			sourceTree = "<group>";
		};
		366B1D4525822E2600F06AB5 /* TFY_BasicAnimationKitTests */ = {
			isa = PBXGroup;
			children = (
				366B1D4625822E2600F06AB5 /* TFY_BasicAnimationKitTests.m */,
				366B1D4825822E2600F06AB5 /* Info.plist */,
			);
			path = TFY_BasicAnimationKitTests;
			sourceTree = "<group>";
		};
		366B1D5025822E2600F06AB5 /* TFY_BasicAnimationKitUITests */ = {
			isa = PBXGroup;
			children = (
				366B1D5125822E2600F06AB5 /* TFY_BasicAnimationKitUITests.m */,
				366B1D5325822E2600F06AB5 /* Info.plist */,
			);
			path = TFY_BasicAnimationKitUITests;
			sourceTree = "<group>";
		};
		366B1D6225822E9400F06AB5 /* PCH */ = {
			isa = PBXGroup;
			children = (
				366B1D7225822EB300F06AB5 /* TFY_PrefixHeader.pch */,
			);
			path = PCH;
			sourceTree = "<group>";
		};
		366B1D6325822E9400F06AB5 /* TFY_Class */ = {
			isa = PBXGroup;
			children = (
				366B1DE6258341B700F06AB5 /* cell */,
				366B1DE1258341B700F06AB5 /* Controller */,
				366B1DE2258341B700F06AB5 /* MainController */,
				366B1DE7258341B700F06AB5 /* Model */,
				366B1DE5258341B700F06AB5 /* View */,
			);
			path = TFY_Class;
			sourceTree = "<group>";
		};
		366B1D6625822E9400F06AB5 /* TFY_AppDelegate */ = {
			isa = PBXGroup;
			children = (
				366B1D6725822E9400F06AB5 /* AppDelegate.h */,
				366B1D6925822E9400F06AB5 /* AppDelegate.m */,
				366B1D6A25822E9400F06AB5 /* SceneDelegate.h */,
				366B1D6825822E9400F06AB5 /* SceneDelegate.m */,
			);
			path = TFY_AppDelegate;
			sourceTree = "<group>";
		};
		366B1D6B25822E9400F06AB5 /* TFY_BasicAnimationKit */ = {
			isa = PBXGroup;
			children = (
				366B1D9A2582F67400F06AB5 /* TFY_BasicAnimationKit.h */,
				366B1D992582F65A00F06AB5 /* TFY_MacioAnimation */,
				366B1D982582F64A00F06AB5 /* TFY_CategoryAnimation */,
			);
			path = TFY_BasicAnimationKit;
			sourceTree = "<group>";
		};
		366B1D982582F64A00F06AB5 /* TFY_CategoryAnimation */ = {
			isa = PBXGroup;
			children = (
				366B1DA22582F84100F06AB5 /* UIView+TFY_DancerProperty.h */,
				366B1DA32582F84100F06AB5 /* UIView+TFY_DancerProperty.m */,
				366B1DA82583099600F06AB5 /* UIView+TFY_Dancer.h */,
				366B1DA92583099600F06AB5 /* UIView+TFY_Dancer.m */,
				366B1DB725830A2400F06AB5 /* CALayer+TFY_Frame.h */,
				366B1DB825830A2400F06AB5 /* CALayer+TFY_Frame.m */,
				366B1DBD25830B8000F06AB5 /* CALayer+TFY_Dancer.h */,
				366B1DBE25830B8000F06AB5 /* CALayer+TFY_Dancer.m */,
				366B1DC325830C7D00F06AB5 /* CALayer+TFY_DancerProperty.h */,
				366B1DC425830C7D00F06AB5 /* CALayer+TFY_DancerProperty.m */,
				366B1DC9258323E900F06AB5 /* UICollectionView+TFY_DancerProperty.h */,
				366B1DCA258323E900F06AB5 /* UICollectionView+TFY_DancerProperty.m */,
				366B1DCF2583255200F06AB5 /* UICollectionView+TFY_Dancer.h */,
				366B1DD02583255200F06AB5 /* UICollectionView+TFY_Dancer.m */,
				366B1DD525833BA100F06AB5 /* UITableView+TFY_DancerProperty.h */,
				366B1DD625833BA100F06AB5 /* UITableView+TFY_DancerProperty.m */,
				366B1DDB25833CE600F06AB5 /* UITableView+TFY_Dancer.h */,
				366B1DDC25833CE600F06AB5 /* UITableView+TFY_Dancer.m */,
			);
			path = TFY_CategoryAnimation;
			sourceTree = "<group>";
		};
		366B1D992582F65A00F06AB5 /* TFY_MacioAnimation */ = {
			isa = PBXGroup;
			children = (
				366B1D9E2582F76300F06AB5 /* TFY_DancerBlock.h */,
			);
			path = TFY_MacioAnimation;
			sourceTree = "<group>";
		};
		366B1DE1258341B700F06AB5 /* Controller */ = {
			isa = PBXGroup;
			children = (
				366B1DFE2583477900F06AB5 /* TFY_DancerTransitionViewController.h */,
				366B1DFF2583477900F06AB5 /* TFY_DancerTransitionViewController.m */,
				366B1E0425834E5300F06AB5 /* TFY_DancerCollectionViewController.h */,
				366B1E0525834E5300F06AB5 /* TFY_DancerCollectionViewController.m */,
				366B1E0A25834EEA00F06AB5 /* TFY_DancerTableViewController.h */,
				366B1E0B25834EEA00F06AB5 /* TFY_DancerTableViewController.m */,
				366B1E1025834F6C00F06AB5 /* TFY_DancerViewController.h */,
				366B1E1125834F6C00F06AB5 /* TFY_DancerViewController.m */,
			);
			path = Controller;
			sourceTree = "<group>";
		};
		366B1DE2258341B700F06AB5 /* MainController */ = {
			isa = PBXGroup;
			children = (
				366B1DE4258341B700F06AB5 /* ViewController.h */,
				366B1DE3258341B700F06AB5 /* ViewController.m */,
			);
			path = MainController;
			sourceTree = "<group>";
		};
		366B1DE5258341B700F06AB5 /* View */ = {
			isa = PBXGroup;
			children = (
			);
			path = View;
			sourceTree = "<group>";
		};
		366B1DE6258341B700F06AB5 /* cell */ = {
			isa = PBXGroup;
			children = (
				366B1DF82583428E00F06AB5 /* TFY_MainCollectionViewCell.h */,
				366B1DF92583428E00F06AB5 /* TFY_MainCollectionViewCell.m */,
				366B1E1625834FA400F06AB5 /* TFY_DancerCollectionViewCell.h */,
				366B1E1725834FA400F06AB5 /* TFY_DancerCollectionViewCell.m */,
			);
			path = cell;
			sourceTree = "<group>";
		};
		366B1DE7258341B700F06AB5 /* Model */ = {
			isa = PBXGroup;
			children = (
				366B1DEF258341DA00F06AB5 /* TFY_MainModel.h */,
				366B1DF0258341DA00F06AB5 /* TFY_MainModel.m */,
			);
			path = Model;
			sourceTree = "<group>";
		};
		CB4509F4FC7F0C562894796B /* Frameworks */ = {
			isa = PBXGroup;
			children = (
				DDEE4248BF2D7D129BBE5218 /* Pods_TFY_BasicAnimationKit.framework */,
				65C29DFB448D032C825D824C /* Pods_TFY_BasicAnimationKit_TFY_BasicAnimationKitUITests.framework */,
				3C42EA15E6A19EFA04C612A9 /* Pods_TFY_BasicAnimationKitTests.framework */,
			);
			name = Frameworks;
			sourceTree = "<group>";
		};
		CC365A7F16CC2E3D30973DA6 /* Pods */ = {
			isa = PBXGroup;
			children = (
				DAE4154BD504B0F1D1300A26 /* Pods-TFY_BasicAnimationKit.debug.xcconfig */,
				931F8E5C9619E6A3B7A5F0FE /* Pods-TFY_BasicAnimationKit.release.xcconfig */,
				57162AB17F42A357C6A88080 /* Pods-TFY_BasicAnimationKit-TFY_BasicAnimationKitUITests.debug.xcconfig */,
				D9F030D0227A140EE59025F0 /* Pods-TFY_BasicAnimationKit-TFY_BasicAnimationKitUITests.release.xcconfig */,
				EB5E4EAAEC4DE1A3CDA0CC44 /* Pods-TFY_BasicAnimationKitTests.debug.xcconfig */,
				1F20B60C245CAC13165C13E6 /* Pods-TFY_BasicAnimationKitTests.release.xcconfig */,
			);
			path = Pods;
			sourceTree = "<group>";
		};
/* End PBXGroup section */

/* Begin PBXNativeTarget section */
		366B1D2625822E2200F06AB5 /* TFY_BasicAnimationKit */ = {
			isa = PBXNativeTarget;
			buildConfigurationList = 366B1D5625822E2600F06AB5 /* Build configuration list for PBXNativeTarget "TFY_BasicAnimationKit" */;
			buildPhases = (
				BD8454FA77480E5D8641CBA3 /* [CP] Check Pods Manifest.lock */,
				366B1D2325822E2200F06AB5 /* Sources */,
				366B1D2425822E2200F06AB5 /* Frameworks */,
				366B1D2525822E2200F06AB5 /* Resources */,
				87157C6EC386E36C5BAF2DCB /* [CP] Embed Pods Frameworks */,
			);
			buildRules = (
			);
			dependencies = (
			);
			name = TFY_BasicAnimationKit;
			productName = TFY_BasicAnimationKit;
			productReference = 366B1D2725822E2200F06AB5 /* TFY_BasicAnimationKit.app */;
			productType = "com.apple.product-type.application";
		};
		366B1D4125822E2600F06AB5 /* TFY_BasicAnimationKitTests */ = {
			isa = PBXNativeTarget;
			buildConfigurationList = 366B1D5925822E2600F06AB5 /* Build configuration list for PBXNativeTarget "TFY_BasicAnimationKitTests" */;
			buildPhases = (
				5A60BEF4CB09B9FAA81E9E3A /* [CP] Check Pods Manifest.lock */,
				366B1D3E25822E2600F06AB5 /* Sources */,
				366B1D3F25822E2600F06AB5 /* Frameworks */,
				366B1D4025822E2600F06AB5 /* Resources */,
			);
			buildRules = (
			);
			dependencies = (
				366B1D4425822E2600F06AB5 /* PBXTargetDependency */,
			);
			name = TFY_BasicAnimationKitTests;
			productName = TFY_BasicAnimationKitTests;
			productReference = 366B1D4225822E2600F06AB5 /* TFY_BasicAnimationKitTests.xctest */;
			productType = "com.apple.product-type.bundle.unit-test";
		};
		366B1D4C25822E2600F06AB5 /* TFY_BasicAnimationKitUITests */ = {
			isa = PBXNativeTarget;
			buildConfigurationList = 366B1D5C25822E2600F06AB5 /* Build configuration list for PBXNativeTarget "TFY_BasicAnimationKitUITests" */;
			buildPhases = (
				9A9328A788C51C2885DDE58C /* [CP] Check Pods Manifest.lock */,
				366B1D4925822E2600F06AB5 /* Sources */,
				366B1D4A25822E2600F06AB5 /* Frameworks */,
				366B1D4B25822E2600F06AB5 /* Resources */,
				480FBF7B7C18C563AB2EAA57 /* [CP] Embed Pods Frameworks */,
			);
			buildRules = (
			);
			dependencies = (
				366B1D4F25822E2600F06AB5 /* PBXTargetDependency */,
			);
			name = TFY_BasicAnimationKitUITests;
			productName = TFY_BasicAnimationKitUITests;
			productReference = 366B1D4D25822E2600F06AB5 /* TFY_BasicAnimationKitUITests.xctest */;
			productType = "com.apple.product-type.bundle.ui-testing";
		};
/* End PBXNativeTarget section */

/* Begin PBXProject section */
		366B1D1F25822E2200F06AB5 /* Project object */ = {
			isa = PBXProject;
			attributes = {
				LastUpgradeCheck = 1220;
				TargetAttributes = {
					366B1D2625822E2200F06AB5 = {
						CreatedOnToolsVersion = 12.2;
					};
					366B1D4125822E2600F06AB5 = {
						CreatedOnToolsVersion = 12.2;
						TestTargetID = 366B1D2625822E2200F06AB5;
					};
					366B1D4C25822E2600F06AB5 = {
						CreatedOnToolsVersion = 12.2;
						TestTargetID = 366B1D2625822E2200F06AB5;
					};
				};
			};
			buildConfigurationList = 366B1D2225822E2200F06AB5 /* Build configuration list for PBXProject "TFY_BasicAnimationKit" */;
			compatibilityVersion = "Xcode 9.3";
			developmentRegion = en;
			hasScannedForEncodings = 0;
			knownRegions = (
				en,
				Base,
			);
			mainGroup = 366B1D1E25822E2200F06AB5;
			productRefGroup = 366B1D2825822E2200F06AB5 /* Products */;
			projectDirPath = "";
			projectRoot = "";
			targets = (
				366B1D2625822E2200F06AB5 /* TFY_BasicAnimationKit */,
				366B1D4125822E2600F06AB5 /* TFY_BasicAnimationKitTests */,
				366B1D4C25822E2600F06AB5 /* TFY_BasicAnimationKitUITests */,
			);
		};
/* End PBXProject section */

/* Begin PBXResourcesBuildPhase section */
		366B1D2525822E2200F06AB5 /* Resources */ = {
			isa = PBXResourcesBuildPhase;
			buildActionMask = 2147483647;
			files = (
				366B1D3A25822E2600F06AB5 /* LaunchScreen.storyboard in Resources */,
				366B1D3725822E2600F06AB5 /* Assets.xcassets in Resources */,
			);
			runOnlyForDeploymentPostprocessing = 0;
		};
		366B1D4025822E2600F06AB5 /* Resources */ = {
			isa = PBXResourcesBuildPhase;
			buildActionMask = 2147483647;
			files = (
			);
			runOnlyForDeploymentPostprocessing = 0;
		};
		366B1D4B25822E2600F06AB5 /* Resources */ = {
			isa = PBXResourcesBuildPhase;
			buildActionMask = 2147483647;
			files = (
			);
			runOnlyForDeploymentPostprocessing = 0;
		};
/* End PBXResourcesBuildPhase section */

/* Begin PBXShellScriptBuildPhase section */
		480FBF7B7C18C563AB2EAA57 /* [CP] Embed Pods Frameworks */ = {
			isa = PBXShellScriptBuildPhase;
			buildActionMask = 2147483647;
			files = (
			);
			inputFileListPaths = (
				"${PODS_ROOT}/Target Support Files/Pods-TFY_BasicAnimationKit-TFY_BasicAnimationKitUITests/Pods-TFY_BasicAnimationKit-TFY_BasicAnimationKitUITests-frameworks-${CONFIGURATION}-input-files.xcfilelist",
			);
			name = "[CP] Embed Pods Frameworks";
			outputFileListPaths = (
				"${PODS_ROOT}/Target Support Files/Pods-TFY_BasicAnimationKit-TFY_BasicAnimationKitUITests/Pods-TFY_BasicAnimationKit-TFY_BasicAnimationKitUITests-frameworks-${CONFIGURATION}-output-files.xcfilelist",
			);
			runOnlyForDeploymentPostprocessing = 0;
			shellPath = /bin/sh;
			shellScript = "\"${PODS_ROOT}/Target Support Files/Pods-TFY_BasicAnimationKit-TFY_BasicAnimationKitUITests/Pods-TFY_BasicAnimationKit-TFY_BasicAnimationKitUITests-frameworks.sh\"\n";
			showEnvVarsInLog = 0;
		};
		5A60BEF4CB09B9FAA81E9E3A /* [CP] Check Pods Manifest.lock */ = {
			isa = PBXShellScriptBuildPhase;
			buildActionMask = 2147483647;
			files = (
			);
			inputFileListPaths = (
			);
			inputPaths = (
				"${PODS_PODFILE_DIR_PATH}/Podfile.lock",
				"${PODS_ROOT}/Manifest.lock",
			);
			name = "[CP] Check Pods Manifest.lock";
			outputFileListPaths = (
			);
			outputPaths = (
				"$(DERIVED_FILE_DIR)/Pods-TFY_BasicAnimationKitTests-checkManifestLockResult.txt",
			);
			runOnlyForDeploymentPostprocessing = 0;
			shellPath = /bin/sh;
			shellScript = "diff \"${PODS_PODFILE_DIR_PATH}/Podfile.lock\" \"${PODS_ROOT}/Manifest.lock\" > /dev/null\nif [ $? != 0 ] ; then\n    # print error to STDERR\n    echo \"error: The sandbox is not in sync with the Podfile.lock. Run 'pod install' or update your CocoaPods installation.\" >&2\n    exit 1\nfi\n# This output is used by Xcode 'outputs' to avoid re-running this script phase.\necho \"SUCCESS\" > \"${SCRIPT_OUTPUT_FILE_0}\"\n";
			showEnvVarsInLog = 0;
		};
		87157C6EC386E36C5BAF2DCB /* [CP] Embed Pods Frameworks */ = {
			isa = PBXShellScriptBuildPhase;
			buildActionMask = 2147483647;
			files = (
			);
			inputFileListPaths = (
				"${PODS_ROOT}/Target Support Files/Pods-TFY_BasicAnimationKit/Pods-TFY_BasicAnimationKit-frameworks-${CONFIGURATION}-input-files.xcfilelist",
			);
			name = "[CP] Embed Pods Frameworks";
			outputFileListPaths = (
				"${PODS_ROOT}/Target Support Files/Pods-TFY_BasicAnimationKit/Pods-TFY_BasicAnimationKit-frameworks-${CONFIGURATION}-output-files.xcfilelist",
			);
			runOnlyForDeploymentPostprocessing = 0;
			shellPath = /bin/sh;
			shellScript = "\"${PODS_ROOT}/Target Support Files/Pods-TFY_BasicAnimationKit/Pods-TFY_BasicAnimationKit-frameworks.sh\"\n";
			showEnvVarsInLog = 0;
		};
		9A9328A788C51C2885DDE58C /* [CP] Check Pods Manifest.lock */ = {
			isa = PBXShellScriptBuildPhase;
			buildActionMask = 2147483647;
			files = (
			);
			inputFileListPaths = (
			);
			inputPaths = (
				"${PODS_PODFILE_DIR_PATH}/Podfile.lock",
				"${PODS_ROOT}/Manifest.lock",
			);
			name = "[CP] Check Pods Manifest.lock";
			outputFileListPaths = (
			);
			outputPaths = (
				"$(DERIVED_FILE_DIR)/Pods-TFY_BasicAnimationKit-TFY_BasicAnimationKitUITests-checkManifestLockResult.txt",
			);
			runOnlyForDeploymentPostprocessing = 0;
			shellPath = /bin/sh;
			shellScript = "diff \"${PODS_PODFILE_DIR_PATH}/Podfile.lock\" \"${PODS_ROOT}/Manifest.lock\" > /dev/null\nif [ $? != 0 ] ; then\n    # print error to STDERR\n    echo \"error: The sandbox is not in sync with the Podfile.lock. Run 'pod install' or update your CocoaPods installation.\" >&2\n    exit 1\nfi\n# This output is used by Xcode 'outputs' to avoid re-running this script phase.\necho \"SUCCESS\" > \"${SCRIPT_OUTPUT_FILE_0}\"\n";
			showEnvVarsInLog = 0;
		};
		BD8454FA77480E5D8641CBA3 /* [CP] Check Pods Manifest.lock */ = {
			isa = PBXShellScriptBuildPhase;
			buildActionMask = 2147483647;
			files = (
			);
			inputFileListPaths = (
			);
			inputPaths = (
				"${PODS_PODFILE_DIR_PATH}/Podfile.lock",
				"${PODS_ROOT}/Manifest.lock",
			);
			name = "[CP] Check Pods Manifest.lock";
			outputFileListPaths = (
			);
			outputPaths = (
				"$(DERIVED_FILE_DIR)/Pods-TFY_BasicAnimationKit-checkManifestLockResult.txt",
			);
			runOnlyForDeploymentPostprocessing = 0;
			shellPath = /bin/sh;
			shellScript = "diff \"${PODS_PODFILE_DIR_PATH}/Podfile.lock\" \"${PODS_ROOT}/Manifest.lock\" > /dev/null\nif [ $? != 0 ] ; then\n    # print error to STDERR\n    echo \"error: The sandbox is not in sync with the Podfile.lock. Run 'pod install' or update your CocoaPods installation.\" >&2\n    exit 1\nfi\n# This output is used by Xcode 'outputs' to avoid re-running this script phase.\necho \"SUCCESS\" > \"${SCRIPT_OUTPUT_FILE_0}\"\n";
			showEnvVarsInLog = 0;
		};
/* End PBXShellScriptBuildPhase section */

/* Begin PBXSourcesBuildPhase section */
		366B1D2325822E2200F06AB5 /* Sources */ = {
			isa = PBXSourcesBuildPhase;
			buildActionMask = 2147483647;
			files = (
				366B1DE8258341B700F06AB5 /* ViewController.m in Sources */,
				366B1D6D25822E9500F06AB5 /* SceneDelegate.m in Sources */,
				366B1DFA2583428E00F06AB5 /* TFY_MainCollectionViewCell.m in Sources */,
				366B1E1825834FA400F06AB5 /* TFY_DancerCollectionViewCell.m in Sources */,
				366B1D3D25822E2600F06AB5 /* main.m in Sources */,
				366B1DBF25830B8000F06AB5 /* CALayer+TFY_Dancer.m in Sources */,
				366B1DF1258341DA00F06AB5 /* TFY_MainModel.m in Sources */,
				366B1DAA2583099600F06AB5 /* UIView+TFY_Dancer.m in Sources */,
				366B1D6E25822E9500F06AB5 /* AppDelegate.m in Sources */,
				366B1E002583477900F06AB5 /* TFY_DancerTransitionViewController.m in Sources */,
				366B1DB925830A2400F06AB5 /* CALayer+TFY_Frame.m in Sources */,
				366B1E1225834F6C00F06AB5 /* TFY_DancerViewController.m in Sources */,
				366B1DD12583255200F06AB5 /* UICollectionView+TFY_Dancer.m in Sources */,
				366B1DC525830C7D00F06AB5 /* CALayer+TFY_DancerProperty.m in Sources */,
				366B1E0625834E5300F06AB5 /* TFY_DancerCollectionViewController.m in Sources */,
				366B1DCB258323E900F06AB5 /* UICollectionView+TFY_DancerProperty.m in Sources */,
				366B1E0C25834EEA00F06AB5 /* TFY_DancerTableViewController.m in Sources */,
				366B1DD725833BA100F06AB5 /* UITableView+TFY_DancerProperty.m in Sources */,
				366B1DDD25833CE600F06AB5 /* UITableView+TFY_Dancer.m in Sources */,
				366B1DA42582F84100F06AB5 /* UIView+TFY_DancerProperty.m in Sources */,
			);
			runOnlyForDeploymentPostprocessing = 0;
		};
		366B1D3E25822E2600F06AB5 /* Sources */ = {
			isa = PBXSourcesBuildPhase;
			buildActionMask = 2147483647;
			files = (
				366B1D4725822E2600F06AB5 /* TFY_BasicAnimationKitTests.m in Sources */,
			);
			runOnlyForDeploymentPostprocessing = 0;
		};
		366B1D4925822E2600F06AB5 /* Sources */ = {
			isa = PBXSourcesBuildPhase;
			buildActionMask = 2147483647;
			files = (
				366B1D5225822E2600F06AB5 /* TFY_BasicAnimationKitUITests.m in Sources */,
			);
			runOnlyForDeploymentPostprocessing = 0;
		};
/* End PBXSourcesBuildPhase section */

/* Begin PBXTargetDependency section */
		366B1D4425822E2600F06AB5 /* PBXTargetDependency */ = {
			isa = PBXTargetDependency;
			target = 366B1D2625822E2200F06AB5 /* TFY_BasicAnimationKit */;
			targetProxy = 366B1D4325822E2600F06AB5 /* PBXContainerItemProxy */;
		};
		366B1D4F25822E2600F06AB5 /* PBXTargetDependency */ = {
			isa = PBXTargetDependency;
			target = 366B1D2625822E2200F06AB5 /* TFY_BasicAnimationKit */;
			targetProxy = 366B1D4E25822E2600F06AB5 /* PBXContainerItemProxy */;
		};
/* End PBXTargetDependency section */

/* Begin PBXVariantGroup section */
		366B1D3825822E2600F06AB5 /* LaunchScreen.storyboard */ = {
			isa = PBXVariantGroup;
			children = (
				366B1D3925822E2600F06AB5 /* Base */,
			);
			name = LaunchScreen.storyboard;
			sourceTree = "<group>";
		};
/* End PBXVariantGroup section */

/* Begin XCBuildConfiguration section */
		366B1D5425822E2600F06AB5 /* Debug */ = {
			isa = XCBuildConfiguration;
			buildSettings = {
				ALWAYS_SEARCH_USER_PATHS = NO;
				CLANG_ANALYZER_NONNULL = YES;
				CLANG_ANALYZER_NUMBER_OBJECT_CONVERSION = YES_AGGRESSIVE;
				CLANG_CXX_LANGUAGE_STANDARD = "gnu++14";
				CLANG_CXX_LIBRARY = "libc++";
				CLANG_ENABLE_MODULES = YES;
				CLANG_ENABLE_OBJC_ARC = YES;
				CLANG_ENABLE_OBJC_WEAK = YES;
				CLANG_WARN_BLOCK_CAPTURE_AUTORELEASING = YES;
				CLANG_WARN_BOOL_CONVERSION = YES;
				CLANG_WARN_COMMA = YES;
				CLANG_WARN_CONSTANT_CONVERSION = YES;
				CLANG_WARN_DEPRECATED_OBJC_IMPLEMENTATIONS = YES;
				CLANG_WARN_DIRECT_OBJC_ISA_USAGE = YES_ERROR;
				CLANG_WARN_DOCUMENTATION_COMMENTS = YES;
				CLANG_WARN_EMPTY_BODY = YES;
				CLANG_WARN_ENUM_CONVERSION = YES;
				CLANG_WARN_INFINITE_RECURSION = YES;
				CLANG_WARN_INT_CONVERSION = YES;
				CLANG_WARN_NON_LITERAL_NULL_CONVERSION = YES;
				CLANG_WARN_OBJC_IMPLICIT_RETAIN_SELF = YES;
				CLANG_WARN_OBJC_LITERAL_CONVERSION = YES;
				CLANG_WARN_OBJC_ROOT_CLASS = YES_ERROR;
				CLANG_WARN_QUOTED_INCLUDE_IN_FRAMEWORK_HEADER = YES;
				CLANG_WARN_RANGE_LOOP_ANALYSIS = YES;
				CLANG_WARN_STRICT_PROTOTYPES = YES;
				CLANG_WARN_SUSPICIOUS_MOVE = YES;
				CLANG_WARN_UNGUARDED_AVAILABILITY = YES_AGGRESSIVE;
				CLANG_WARN_UNREACHABLE_CODE = YES;
				CLANG_WARN__DUPLICATE_METHOD_MATCH = YES;
				COPY_PHASE_STRIP = NO;
				DEBUG_INFORMATION_FORMAT = dwarf;
				ENABLE_STRICT_OBJC_MSGSEND = YES;
				ENABLE_TESTABILITY = YES;
				GCC_C_LANGUAGE_STANDARD = gnu11;
				GCC_DYNAMIC_NO_PIC = NO;
				GCC_NO_COMMON_BLOCKS = YES;
				GCC_OPTIMIZATION_LEVEL = 0;
				GCC_PREPROCESSOR_DEFINITIONS = (
					"DEBUG=1",
					"$(inherited)",
				);
				GCC_WARN_64_TO_32_BIT_CONVERSION = YES;
				GCC_WARN_ABOUT_RETURN_TYPE = YES_ERROR;
				GCC_WARN_UNDECLARED_SELECTOR = YES;
				GCC_WARN_UNINITIALIZED_AUTOS = YES_AGGRESSIVE;
				GCC_WARN_UNUSED_FUNCTION = YES;
				GCC_WARN_UNUSED_VARIABLE = YES;
				IPHONEOS_DEPLOYMENT_TARGET = 14.2;
				MTL_ENABLE_DEBUG_INFO = INCLUDE_SOURCE;
				MTL_FAST_MATH = YES;
				ONLY_ACTIVE_ARCH = YES;
				SDKROOT = iphoneos;
			};
			name = Debug;
		};
		366B1D5525822E2600F06AB5 /* Release */ = {
			isa = XCBuildConfiguration;
			buildSettings = {
				ALWAYS_SEARCH_USER_PATHS = NO;
				CLANG_ANALYZER_NONNULL = YES;
				CLANG_ANALYZER_NUMBER_OBJECT_CONVERSION = YES_AGGRESSIVE;
				CLANG_CXX_LANGUAGE_STANDARD = "gnu++14";
				CLANG_CXX_LIBRARY = "libc++";
				CLANG_ENABLE_MODULES = YES;
				CLANG_ENABLE_OBJC_ARC = YES;
				CLANG_ENABLE_OBJC_WEAK = YES;
				CLANG_WARN_BLOCK_CAPTURE_AUTORELEASING = YES;
				CLANG_WARN_BOOL_CONVERSION = YES;
				CLANG_WARN_COMMA = YES;
				CLANG_WARN_CONSTANT_CONVERSION = YES;
				CLANG_WARN_DEPRECATED_OBJC_IMPLEMENTATIONS = YES;
				CLANG_WARN_DIRECT_OBJC_ISA_USAGE = YES_ERROR;
				CLANG_WARN_DOCUMENTATION_COMMENTS = YES;
				CLANG_WARN_EMPTY_BODY = YES;
				CLANG_WARN_ENUM_CONVERSION = YES;
				CLANG_WARN_INFINITE_RECURSION = YES;
				CLANG_WARN_INT_CONVERSION = YES;
				CLANG_WARN_NON_LITERAL_NULL_CONVERSION = YES;
				CLANG_WARN_OBJC_IMPLICIT_RETAIN_SELF = YES;
				CLANG_WARN_OBJC_LITERAL_CONVERSION = YES;
				CLANG_WARN_OBJC_ROOT_CLASS = YES_ERROR;
				CLANG_WARN_QUOTED_INCLUDE_IN_FRAMEWORK_HEADER = YES;
				CLANG_WARN_RANGE_LOOP_ANALYSIS = YES;
				CLANG_WARN_STRICT_PROTOTYPES = YES;
				CLANG_WARN_SUSPICIOUS_MOVE = YES;
				CLANG_WARN_UNGUARDED_AVAILABILITY = YES_AGGRESSIVE;
				CLANG_WARN_UNREACHABLE_CODE = YES;
				CLANG_WARN__DUPLICATE_METHOD_MATCH = YES;
				COPY_PHASE_STRIP = NO;
				DEBUG_INFORMATION_FORMAT = "dwarf-with-dsym";
				ENABLE_NS_ASSERTIONS = NO;
				ENABLE_STRICT_OBJC_MSGSEND = YES;
				GCC_C_LANGUAGE_STANDARD = gnu11;
				GCC_NO_COMMON_BLOCKS = YES;
				GCC_WARN_64_TO_32_BIT_CONVERSION = YES;
				GCC_WARN_ABOUT_RETURN_TYPE = YES_ERROR;
				GCC_WARN_UNDECLARED_SELECTOR = YES;
				GCC_WARN_UNINITIALIZED_AUTOS = YES_AGGRESSIVE;
				GCC_WARN_UNUSED_FUNCTION = YES;
				GCC_WARN_UNUSED_VARIABLE = YES;
				IPHONEOS_DEPLOYMENT_TARGET = 14.2;
				MTL_ENABLE_DEBUG_INFO = NO;
				MTL_FAST_MATH = YES;
				SDKROOT = iphoneos;
				VALIDATE_PRODUCT = YES;
			};
			name = Release;
		};
		366B1D5725822E2600F06AB5 /* Debug */ = {
			isa = XCBuildConfiguration;
			baseConfigurationReference = DAE4154BD504B0F1D1300A26 /* Pods-TFY_BasicAnimationKit.debug.xcconfig */;
			buildSettings = {
				ASSETCATALOG_COMPILER_APPICON_NAME = AppIcon;
				ASSETCATALOG_COMPILER_GLOBAL_ACCENT_COLOR_NAME = AccentColor;
				CODE_SIGN_STYLE = Automatic;
				DEVELOPMENT_TEAM = QH95759TSS;
				GCC_PRECOMPILE_PREFIX_HEADER = YES;
				GCC_PREFIX_HEADER = TFY_BasicAnimationKit/PCH/TFY_PrefixHeader.pch;
				INFOPLIST_FILE = TFY_BasicAnimationKit/Info.plist;
				IPHONEOS_DEPLOYMENT_TARGET = 12.0;
				LD_RUNPATH_SEARCH_PATHS = (
					"$(inherited)",
					"@executable_path/Frameworks",
				);
				PRODUCT_BUNDLE_IDENTIFIER = "com.TFY-BasicAnimationKit";
				PRODUCT_NAME = "$(TARGET_NAME)";
				TARGETED_DEVICE_FAMILY = "1,2";
			};
			name = Debug;
		};
		366B1D5825822E2600F06AB5 /* Release */ = {
			isa = XCBuildConfiguration;
			baseConfigurationReference = 931F8E5C9619E6A3B7A5F0FE /* Pods-TFY_BasicAnimationKit.release.xcconfig */;
			buildSettings = {
				ASSETCATALOG_COMPILER_APPICON_NAME = AppIcon;
				ASSETCATALOG_COMPILER_GLOBAL_ACCENT_COLOR_NAME = AccentColor;
				CODE_SIGN_STYLE = Automatic;
				DEVELOPMENT_TEAM = QH95759TSS;
				GCC_PRECOMPILE_PREFIX_HEADER = YES;
				GCC_PREFIX_HEADER = TFY_BasicAnimationKit/PCH/TFY_PrefixHeader.pch;
				INFOPLIST_FILE = TFY_BasicAnimationKit/Info.plist;
				IPHONEOS_DEPLOYMENT_TARGET = 12.0;
				LD_RUNPATH_SEARCH_PATHS = (
					"$(inherited)",
					"@executable_path/Frameworks",
				);
				PRODUCT_BUNDLE_IDENTIFIER = "com.TFY-BasicAnimationKit";
				PRODUCT_NAME = "$(TARGET_NAME)";
				TARGETED_DEVICE_FAMILY = "1,2";
			};
			name = Release;
		};
		366B1D5A25822E2600F06AB5 /* Debug */ = {
			isa = XCBuildConfiguration;
			baseConfigurationReference = EB5E4EAAEC4DE1A3CDA0CC44 /* Pods-TFY_BasicAnimationKitTests.debug.xcconfig */;
			buildSettings = {
				BUNDLE_LOADER = "$(TEST_HOST)";
				CODE_SIGN_STYLE = Automatic;
				DEVELOPMENT_TEAM = QH95759TSS;
				INFOPLIST_FILE = TFY_BasicAnimationKitTests/Info.plist;
				IPHONEOS_DEPLOYMENT_TARGET = 14.2;
				LD_RUNPATH_SEARCH_PATHS = (
					"$(inherited)",
					"@executable_path/Frameworks",
					"@loader_path/Frameworks",
				);
				PRODUCT_BUNDLE_IDENTIFIER = "com.TFY-BasicAnimationKitTests";
				PRODUCT_NAME = "$(TARGET_NAME)";
				TARGETED_DEVICE_FAMILY = "1,2";
				TEST_HOST = "$(BUILT_PRODUCTS_DIR)/TFY_BasicAnimationKit.app/TFY_BasicAnimationKit";
			};
			name = Debug;
		};
		366B1D5B25822E2600F06AB5 /* Release */ = {
			isa = XCBuildConfiguration;
			baseConfigurationReference = 1F20B60C245CAC13165C13E6 /* Pods-TFY_BasicAnimationKitTests.release.xcconfig */;
			buildSettings = {
				BUNDLE_LOADER = "$(TEST_HOST)";
				CODE_SIGN_STYLE = Automatic;
				DEVELOPMENT_TEAM = QH95759TSS;
				INFOPLIST_FILE = TFY_BasicAnimationKitTests/Info.plist;
				IPHONEOS_DEPLOYMENT_TARGET = 14.2;
				LD_RUNPATH_SEARCH_PATHS = (
					"$(inherited)",
					"@executable_path/Frameworks",
					"@loader_path/Frameworks",
				);
				PRODUCT_BUNDLE_IDENTIFIER = "com.TFY-BasicAnimationKitTests";
				PRODUCT_NAME = "$(TARGET_NAME)";
				TARGETED_DEVICE_FAMILY = "1,2";
				TEST_HOST = "$(BUILT_PRODUCTS_DIR)/TFY_BasicAnimationKit.app/TFY_BasicAnimationKit";
			};
			name = Release;
		};
		366B1D5D25822E2600F06AB5 /* Debug */ = {
			isa = XCBuildConfiguration;
			baseConfigurationReference = 57162AB17F42A357C6A88080 /* Pods-TFY_BasicAnimationKit-TFY_BasicAnimationKitUITests.debug.xcconfig */;
			buildSettings = {
				CODE_SIGN_STYLE = Automatic;
				DEVELOPMENT_TEAM = QH95759TSS;
				INFOPLIST_FILE = TFY_BasicAnimationKitUITests/Info.plist;
				LD_RUNPATH_SEARCH_PATHS = (
					"$(inherited)",
					"@executable_path/Frameworks",
					"@loader_path/Frameworks",
				);
				PRODUCT_BUNDLE_IDENTIFIER = "com.TFY-BasicAnimationKitUITests";
				PRODUCT_NAME = "$(TARGET_NAME)";
				TARGETED_DEVICE_FAMILY = "1,2";
				TEST_TARGET_NAME = TFY_BasicAnimationKit;
			};
			name = Debug;
		};
		366B1D5E25822E2600F06AB5 /* Release */ = {
			isa = XCBuildConfiguration;
			baseConfigurationReference = D9F030D0227A140EE59025F0 /* Pods-TFY_BasicAnimationKit-TFY_BasicAnimationKitUITests.release.xcconfig */;
			buildSettings = {
				CODE_SIGN_STYLE = Automatic;
				DEVELOPMENT_TEAM = QH95759TSS;
				INFOPLIST_FILE = TFY_BasicAnimationKitUITests/Info.plist;
				LD_RUNPATH_SEARCH_PATHS = (
					"$(inherited)",
					"@executable_path/Frameworks",
					"@loader_path/Frameworks",
				);
				PRODUCT_BUNDLE_IDENTIFIER = "com.TFY-BasicAnimationKitUITests";
				PRODUCT_NAME = "$(TARGET_NAME)";
				TARGETED_DEVICE_FAMILY = "1,2";
				TEST_TARGET_NAME = TFY_BasicAnimationKit;
			};
			name = Release;
		};
/* End XCBuildConfiguration section */

/* Begin XCConfigurationList section */
		366B1D2225822E2200F06AB5 /* Build configuration list for PBXProject "TFY_BasicAnimationKit" */ = {
			isa = XCConfigurationList;
			buildConfigurations = (
				366B1D5425822E2600F06AB5 /* Debug */,
				366B1D5525822E2600F06AB5 /* Release */,
			);
			defaultConfigurationIsVisible = 0;
			defaultConfigurationName = Release;
		};
		366B1D5625822E2600F06AB5 /* Build configuration list for PBXNativeTarget "TFY_BasicAnimationKit" */ = {
			isa = XCConfigurationList;
			buildConfigurations = (
				366B1D5725822E2600F06AB5 /* Debug */,
				366B1D5825822E2600F06AB5 /* Release */,
			);
			defaultConfigurationIsVisible = 0;
			defaultConfigurationName = Release;
		};
		366B1D5925822E2600F06AB5 /* Build configuration list for PBXNativeTarget "TFY_BasicAnimationKitTests" */ = {
			isa = XCConfigurationList;
			buildConfigurations = (
				366B1D5A25822E2600F06AB5 /* Debug */,
				366B1D5B25822E2600F06AB5 /* Release */,
			);
			defaultConfigurationIsVisible = 0;
			defaultConfigurationName = Release;
		};
		366B1D5C25822E2600F06AB5 /* Build configuration list for PBXNativeTarget "TFY_BasicAnimationKitUITests" */ = {
			isa = XCConfigurationList;
			buildConfigurations = (
				366B1D5D25822E2600F06AB5 /* Debug */,
				366B1D5E25822E2600F06AB5 /* Release */,
			);
			defaultConfigurationIsVisible = 0;
			defaultConfigurationName = Release;
		};
/* End XCConfigurationList section */
	};
	rootObject = 366B1D1F25822E2200F06AB5 /* Project object */;
}
